
Microsoft Visual Studio Solution File, Format Version 12.00
# Visual Studio Version 17
VisualStudioVersion = 17.10.34916.146
MinimumVisualStudioVersion = 10.0.40219.1
Project("{FAE04EC0-301F-11D3-BF4B-00C04F79EFBC}") = "Lab4_JoshuaGregory", "Lab4_JoshuaGregory\Lab4_JoshuaGregory.csproj", "{7A89E1AB-0C97-4DBE-9762-FE8D8E1C049B}"
EndProject
Global
	GlobalSection(SolutionConfigurationPlatforms) = preSolution
		Debug|Any CPU = Debug|Any CPU
		Release|Any CPU = Release|Any CPU
	EndGlobalSection
	GlobalSection(ProjectConfigurationPlatforms) = postSolution
		{7A89E1AB-0C97-4DBE-9762-FE8D8E1C049B}.Debug|Any CPU.ActiveCfg = Debug|Any CPU
		{7A89E1AB-0C97-4DBE-9762-FE8D8E1C049B}.Debug|Any CPU.Build.0 = Debug|Any CPU
		{7A89E1AB-0C97-4DBE-9762-FE8D8E1C049B}.Release|Any CPU.ActiveCfg = Release|Any CPU
		{7A89E1AB-0C97-4DBE-9762-FE8D8E1C049B}.Release|Any CPU.Build.0 = Release|Any CPU
	EndGlobalSection
	GlobalSection(SolutionProperties) = preSolution
		HideSolutionNode = FALSE
	EndGlobalSection
	GlobalSection(ExtensibilityGlobals) = postSolution
		SolutionGuid = {FC34FAA4-26F6-46C5-BBB0-33FA3CDE3102}
	EndGlobalSection
EndGlobal
