
Microsoft Visual Studio Solution File, Format Version 12.00
# Visual Studio Version 17
VisualStudioVersion = 17.10.34916.146
MinimumVisualStudioVersion = 10.0.40219.1
Project("{FAE04EC0-301F-11D3-BF4B-00C04F79EFBC}") = "Lab7_JoshuaGregory", "Lab7_JoshuaGregory\Lab7_JoshuaGregory.csproj", "{89C29CE4-B0BB-4250-8E70-93639AA4040A}"
EndProject
Global
	GlobalSection(SolutionConfigurationPlatforms) = preSolution
		Debug|Any CPU = Debug|Any CPU
		Release|Any CPU = Release|Any CPU
	EndGlobalSection
	GlobalSection(ProjectConfigurationPlatforms) = postSolution
		{89C29CE4-B0BB-4250-8E70-93639AA4040A}.Debug|Any CPU.ActiveCfg = Debug|Any CPU
		{89C29CE4-B0BB-4250-8E70-93639AA4040A}.Debug|Any CPU.Build.0 = Debug|Any CPU
		{89C29CE4-B0BB-4250-8E70-93639AA4040A}.Release|Any CPU.ActiveCfg = Release|Any CPU
		{89C29CE4-B0BB-4250-8E70-93639AA4040A}.Release|Any CPU.Build.0 = Release|Any CPU
	EndGlobalSection
	GlobalSection(SolutionProperties) = preSolution
		HideSolutionNode = FALSE
	EndGlobalSection
	GlobalSection(ExtensibilityGlobals) = postSolution
		SolutionGuid = {0B15FC75-9DFA-4140-9AB7-EF225BB83D8C}
	EndGlobalSection
EndGlobal
